
Microsoft Visual Studio Solution File, Format Version 11.00
# Visual Studio 2010
Project("{FAE04EC0-301F-11D3-BF4B-00C04F79EFBC}") = "Assembly-CSharp-firstpass", "Assembly-CSharp-firstpass.csproj", "{f8c056ed-66d1-155a-4c15-7fed1d64b54d}"
EndProject
Project("{FAE04EC0-301F-11D3-BF4B-00C04F79EFBC}") = "Assembly-CSharp", "Assembly-CSharp.csproj", "{3ad0c94d-0701-a6f7-ae08-b5fc588ed031}"
EndProject
Global
	GlobalSection(SolutionConfigurationPlatforms) = preSolution
		Debug|Any CPU = Debug|Any CPU
	EndGlobalSection
	GlobalSection(ProjectConfigurationPlatforms) = postSolution
		{f8c056ed-66d1-155a-4c15-7fed1d64b54d}.Debug|Any CPU.ActiveCfg = Debug|Any CPU
		{f8c056ed-66d1-155a-4c15-7fed1d64b54d}.Debug|Any CPU.Build.0 = Debug|Any CPU
		{3ad0c94d-0701-a6f7-ae08-b5fc588ed031}.Debug|Any CPU.ActiveCfg = Debug|Any CPU
		{3ad0c94d-0701-a6f7-ae08-b5fc588ed031}.Debug|Any CPU.Build.0 = Debug|Any CPU
	EndGlobalSection
	GlobalSection(SolutionProperties) = preSolution
		HideSolutionNode = FALSE
	EndGlobalSection
EndGlobal
